
Microsoft Visual Studio Solution File, Format Version 12.00
# Visual Studio Version 17
VisualStudioVersion = 17.12.35323.107
MinimumVisualStudioVersion = 10.0.40219.1
Project("{FAE04EC0-301F-11D3-BF4B-00C04F79EFBC}") = "01-EF-LinqQueryAndMethodSyntax", "01-EF-LinqQueryAndMethodSyntax\01-EF-LinqQueryAndMethodSyntax.csproj", "{8FFAED79-A793-4120-B259-55794EA1D207}"
EndProject
Project("{FAE04EC0-301F-11D3-BF4B-00C04F79EFBC}") = "02-EF-Linq", "02-EF-Linq\02-EF-Linq.csproj", "{3D7F2560-20FD-4813-8DC8-9D9BDA35F047}"
EndProject
Project("{FAE04EC0-301F-11D3-BF4B-00C04F79EFBC}") = "03-EF-CodeFirst", "03-EF-CodeFirst\03-EF-CodeFirst.csproj", "{53435150-C841-41AD-BB5E-3E9F690CF1FE}"
EndProject
Project("{FAE04EC0-301F-11D3-BF4B-00C04F79EFBC}") = "04-EF-İnheritance", "04-EF-İnheritance\04-EF-İnheritance.csproj", "{C9DB6376-0241-4314-9EFA-35B4D9E2A81F}"
EndProject
Project("{FAE04EC0-301F-11D3-BF4B-00C04F79EFBC}") = "05-EF-RelationShip", "05-EF-RelationShip\05-EF-RelationShip.csproj", "{38353671-D6EE-4AA0-AC6F-0709FF068149}"
EndProject
Project("{FAE04EC0-301F-11D3-BF4B-00C04F79EFBC}") = "06-EF-DataAnnotationFluentAPI", "06-EF-DataAnnotationFluentAPI\06-EF-DataAnnotationFluentAPI.csproj", "{F386FEEF-208A-4AB1-9B03-570120D88804}"
EndProject
Project("{FAE04EC0-301F-11D3-BF4B-00C04F79EFBC}") = "07-EF-LoadigType", "07-EF-LoadigType\07-EF-LoadigType.csproj", "{4A808660-F560-43A4-A887-936A605C053D}"
EndProject
Global
	GlobalSection(SolutionConfigurationPlatforms) = preSolution
		Debug|Any CPU = Debug|Any CPU
		Release|Any CPU = Release|Any CPU
	EndGlobalSection
	GlobalSection(ProjectConfigurationPlatforms) = postSolution
		{8FFAED79-A793-4120-B259-55794EA1D207}.Debug|Any CPU.ActiveCfg = Debug|Any CPU
		{8FFAED79-A793-4120-B259-55794EA1D207}.Debug|Any CPU.Build.0 = Debug|Any CPU
		{8FFAED79-A793-4120-B259-55794EA1D207}.Release|Any CPU.ActiveCfg = Release|Any CPU
		{8FFAED79-A793-4120-B259-55794EA1D207}.Release|Any CPU.Build.0 = Release|Any CPU
		{3D7F2560-20FD-4813-8DC8-9D9BDA35F047}.Debug|Any CPU.ActiveCfg = Debug|Any CPU
		{3D7F2560-20FD-4813-8DC8-9D9BDA35F047}.Debug|Any CPU.Build.0 = Debug|Any CPU
		{3D7F2560-20FD-4813-8DC8-9D9BDA35F047}.Release|Any CPU.ActiveCfg = Release|Any CPU
		{3D7F2560-20FD-4813-8DC8-9D9BDA35F047}.Release|Any CPU.Build.0 = Release|Any CPU
		{53435150-C841-41AD-BB5E-3E9F690CF1FE}.Debug|Any CPU.ActiveCfg = Debug|Any CPU
		{53435150-C841-41AD-BB5E-3E9F690CF1FE}.Debug|Any CPU.Build.0 = Debug|Any CPU
		{53435150-C841-41AD-BB5E-3E9F690CF1FE}.Release|Any CPU.ActiveCfg = Release|Any CPU
		{53435150-C841-41AD-BB5E-3E9F690CF1FE}.Release|Any CPU.Build.0 = Release|Any CPU
		{C9DB6376-0241-4314-9EFA-35B4D9E2A81F}.Debug|Any CPU.ActiveCfg = Debug|Any CPU
		{C9DB6376-0241-4314-9EFA-35B4D9E2A81F}.Debug|Any CPU.Build.0 = Debug|Any CPU
		{C9DB6376-0241-4314-9EFA-35B4D9E2A81F}.Release|Any CPU.ActiveCfg = Release|Any CPU
		{C9DB6376-0241-4314-9EFA-35B4D9E2A81F}.Release|Any CPU.Build.0 = Release|Any CPU
		{38353671-D6EE-4AA0-AC6F-0709FF068149}.Debug|Any CPU.ActiveCfg = Debug|Any CPU
		{38353671-D6EE-4AA0-AC6F-0709FF068149}.Debug|Any CPU.Build.0 = Debug|Any CPU
		{38353671-D6EE-4AA0-AC6F-0709FF068149}.Release|Any CPU.ActiveCfg = Release|Any CPU
		{38353671-D6EE-4AA0-AC6F-0709FF068149}.Release|Any CPU.Build.0 = Release|Any CPU
		{F386FEEF-208A-4AB1-9B03-570120D88804}.Debug|Any CPU.ActiveCfg = Debug|Any CPU
		{F386FEEF-208A-4AB1-9B03-570120D88804}.Debug|Any CPU.Build.0 = Debug|Any CPU
		{F386FEEF-208A-4AB1-9B03-570120D88804}.Release|Any CPU.ActiveCfg = Release|Any CPU
		{F386FEEF-208A-4AB1-9B03-570120D88804}.Release|Any CPU.Build.0 = Release|Any CPU
		{4A808660-F560-43A4-A887-936A605C053D}.Debug|Any CPU.ActiveCfg = Debug|Any CPU
		{4A808660-F560-43A4-A887-936A605C053D}.Debug|Any CPU.Build.0 = Debug|Any CPU
		{4A808660-F560-43A4-A887-936A605C053D}.Release|Any CPU.ActiveCfg = Release|Any CPU
		{4A808660-F560-43A4-A887-936A605C053D}.Release|Any CPU.Build.0 = Release|Any CPU
	EndGlobalSection
	GlobalSection(SolutionProperties) = preSolution
		HideSolutionNode = FALSE
	EndGlobalSection
	GlobalSection(ExtensibilityGlobals) = postSolution
		SolutionGuid = {2EABFF31-624B-4615-9C1B-538A4BE2F499}
	EndGlobalSection
EndGlobal
